// !$*UTF8*$!
{
	archiveVersion = 1;
	classes = {
	};
	objectVersion = 56;
	objects = {

/* Begin PBXBuildFile section */
		B100000000000000000000001 /* NicheShareApp.swift in Sources */ = {isa = PBXBuildFile; fileRef = B200000000000000000000001 /* NicheShareApp.swift */; };
		B100000000000000000000002 /* ReceiverView.swift in Sources */ = {isa = PBXBuildFile; fileRef = B200000000000000000000002 /* ReceiverView.swift */; };
		B100000000000000000000003 /* DaemonClient.swift in Sources */ = {isa = PBXBuildFile; fileRef = B200000000000000000000003 /* DaemonClient.swift */; };
		B100000000000000000000004 /* Assets.xcassets in Resources */ = {isa = PBXBuildFile; fileRef = B200000000000000000000004 /* Assets.xcassets */; };
/* End PBXBuildFile section */

/* Begin PBXFileReference section */
		B200000000000000000000001 /* NicheShareApp.swift */ = {isa = PBXFileReference; lastKnownFileType = sourcecode.swift; path = NicheShareApp.swift; sourceTree = "<group>"; };
		B200000000000000000000002 /* ReceiverView.swift */ = {isa = PBXFileReference; lastKnownFileType = sourcecode.swift; path = ReceiverView.swift; sourceTree = "<group>"; };
		B200000000000000000000003 /* DaemonClient.swift */ = {isa = PBXFileReference; lastKnownFileType = sourcecode.swift; path = DaemonClient.swift; sourceTree = "<group>"; };
		B200000000000000000000004 /* Assets.xcassets */ = {isa = PBXFileReference; lastKnownFileType = folder.assetcatalog; path = Assets.xcassets; sourceTree = "<group>"; };
		B300000000000000000000001 /* NicheShare.app */ = {isa = PBXFileReference; explicitFileType = wrapper.application; includeInIndex = 0; path = NicheShare.app; sourceTree = BUILT_PRODUCTS_DIR; };
/* End PBXFileReference section */

/* Begin PBXFrameworksBuildPhase section */
		B400000000000000000000001 /* Frameworks */ = {
			isa = PBXFrameworksBuildPhase;
			buildActionMask = 2147483647;
			files = (
			);
			runOnlyForDeploymentPostprocessing = 0;
		};
/* End PBXFrameworksBuildPhase section */

/* Begin PBXGroup section */
		B500000000000000000000001 = {
			isa = PBXGroup;
			children = (
				B500000000000000000000002 /* App */,
				B500000000000000000000003 /* Services */,
				B500000000000000000000004 /* Views */,
				B500000000000000000000005 /* Resources */,
				B500000000000000000000006 /* Products */,
			);
			sourceTree = "<group>";
		};
		B500000000000000000000002 /* App */ = {
			isa = PBXGroup;
			children = (
				B200000000000000000000001 /* NicheShareApp.swift */,
			);
			path = App;
			sourceTree = "<group>";
		};
		B500000000000000000000003 /* Services */ = {
			isa = PBXGroup;
			children = (
				B200000000000000000000003 /* DaemonClient.swift */,
			);
			path = Services;
			sourceTree = "<group>";
		};
		B500000000000000000000004 /* Views */ = {
			isa = PBXGroup;
			children = (
				B200000000000000000000002 /* ReceiverView.swift */,
			);
			path = Views;
			sourceTree = "<group>";
		};
		B500000000000000000000005 /* Resources */ = {
			isa = PBXGroup;
			children = (
				B200000000000000000000004 /* Assets.xcassets */,
			);
			path = Resources;
			sourceTree = "<group>";
		};
		B500000000000000000000006 /* Products */ = {
			isa = PBXGroup;
			children = (
				B300000000000000000000001 /* NicheShare.app */,
			);
			name = Products;
			sourceTree = "<group>";
		};
/* End PBXGroup section */

/* Begin PBXNativeTarget section */
		B600000000000000000000001 /* NicheShare */ = {
			isa = PBXNativeTarget;
			buildConfigurationList = B800000000000000000000002 /* Build configuration list for PBXNativeTarget "NicheShare" */;
			buildPhases = (
				B400000000000000000000001 /* Frameworks */,
				B700000000000000000000001 /* Sources */,
				B700000000000000000000002 /* Resources */,
			);
			buildRules = (
			);
			dependencies = (
			);
			name = NicheShare;
			productName = "$(TARGET_NAME)";
			productReference = B300000000000000000000001 /* NicheShare.app */;
			productType = "com.apple.product-type.application";
		};
/* End PBXNativeTarget section */

/* Begin PBXProject section */
		B900000000000000000000001 /* Project object */ = {
			isa = PBXProject;
			attributes = {
				BuildIndependentTargetsInParallel = 1;
				LastUpgradeCheck = 1640;
				TargetAttributes = {
					B600000000000000000000001 = {
						CreatedOnToolsVersion = 16.4;
					};
				};
			};
			buildConfigurationList = B800000000000000000000001 /* Build configuration list for PBXProject "NicheShare" */;
			compatibilityVersion = "Xcode 14.0";
			developmentRegion = en;
			hasScannedForEncodings = 0;
			knownRegions = (
				en,
			);
			mainGroup = B500000000000000000000001;
			productRefGroup = B500000000000000000000006 /* Products */;
			projectDirPath = "";
			projectRoot = "";
			targets = (
				B600000000000000000000001 /* NicheShare */,
			);
		};
/* End PBXProject section */

/* Begin PBXResourcesBuildPhase section */
		B700000000000000000000002 /* Resources */ = {
			isa = PBXResourcesBuildPhase;
			buildActionMask = 2147483647;
			files = (
				B100000000000000000000004 /* Assets.xcassets in Resources */,
			);
			runOnlyForDeploymentPostprocessing = 0;
		};
/* End PBXResourcesBuildPhase section */

/* Begin PBXSourcesBuildPhase section */
		B700000000000000000000001 /* Sources */ = {
			isa = PBXSourcesBuildPhase;
			buildActionMask = 2147483647;
			files = (
				B100000000000000000000001 /* NicheShareApp.swift in Sources */,
				B100000000000000000000002 /* ReceiverView.swift in Sources */,
				B100000000000000000000003 /* DaemonClient.swift in Sources */,
			);
			runOnlyForDeploymentPostprocessing = 0;
		};
/* End PBXSourcesBuildPhase section */

/* Begin XCBuildConfiguration section */
		C100000000000000000000001 /* Debug */ = {
			isa = XCBuildConfiguration;
			buildSettings = {
				ALWAYS_SEARCH_USER_PATHS = NO;
				CLANG_ENABLE_MODULES = YES;
				CLANG_ENABLE_OBJC_ARC = YES;
				COPY_PHASE_STRIP = NO;
				DEBUG_INFORMATION_FORMAT = dwarf;
				ENABLE_TESTABILITY = YES;
				GCC_OPTIMIZATION_LEVEL = 0;
				GCC_PREPROCESSOR_DEFINITIONS = (
					"DEBUG=1",
					"$(inherited)",
				);
				IPHONEOS_DEPLOYMENT_TARGET = 15.0;
				MTL_ENABLE_DEBUG_INFO = INCLUDE_SOURCE;
				ONLY_ACTIVE_ARCH = YES;
				SDKROOT = iphoneos;
				SWIFT_ACTIVE_COMPILATION_CONDITIONS = "DEBUG $(inherited)";
				SWIFT_OPTIMIZATION_LEVEL = "-Onone";
			};
			name = Debug;
		};
		C100000000000000000000002 /* Release */ = {
			isa = XCBuildConfiguration;
			buildSettings = {
				ALWAYS_SEARCH_USER_PATHS = NO;
				CLANG_ENABLE_MODULES = YES;
				CLANG_ENABLE_OBJC_ARC = YES;
				COPY_PHASE_STRIP = NO;
				DEBUG_INFORMATION_FORMAT = "dwarf-with-dsym";
				ENABLE_NS_ASSERTIONS = NO;
				IPHONEOS_DEPLOYMENT_TARGET = 15.0;
				SDKROOT = iphoneos;
				SWIFT_COMPILATION_MODE = wholemodule;
				VALIDATE_PRODUCT = YES;
			};
			name = Release;
		};
		C200000000000000000000001 /* Debug */ = {
			isa = XCBuildConfiguration;
			buildSettings = {
				ASSETCATALOG_COMPILER_GLOBAL_ACCENT_COLOR_NAME = AccentColor;
				CODE_SIGN_STYLE = Automatic;
				CURRENT_PROJECT_VERSION = 1;
				GENERATE_INFOPLIST_FILE = YES;
				INFOPLIST_KEY_CFBundleDisplayName = NicheShare;
				INFOPLIST_KEY_LSSupportsOpeningDocumentsInPlace = YES;
				INFOPLIST_KEY_UISupportedInterfaceOrientations = "UIInterfaceOrientationPortrait UIInterfaceOrientationPortraitUpsideDown";
				IPHONEOS_DEPLOYMENT_TARGET = 15.0;
				MARKETING_VERSION = 0.1.0;
				PRODUCT_BUNDLE_IDENTIFIER = com.filmeacc.nicheshare;
				PRODUCT_NAME = "$(TARGET_NAME)";
				SUPPORTED_PLATFORMS = "iphoneos iphonesimulator";
				SUPPORTS_MACCATALYST = NO;
				SWIFT_EMIT_LOC_STRINGS = YES;
				SWIFT_VERSION = 5.0;
				TARGETED_DEVICE_FAMILY = "1,2";
			};
			name = Debug;
		};
		C200000000000000000000002 /* Release */ = {
			isa = XCBuildConfiguration;
			buildSettings = {
				ASSETCATALOG_COMPILER_GLOBAL_ACCENT_COLOR_NAME = AccentColor;
				CODE_SIGN_STYLE = Automatic;
				CURRENT_PROJECT_VERSION = 1;
				GENERATE_INFOPLIST_FILE = YES;
				INFOPLIST_KEY_CFBundleDisplayName = NicheShare;
				INFOPLIST_KEY_LSSupportsOpeningDocumentsInPlace = YES;
				INFOPLIST_KEY_UISupportedInterfaceOrientations = "UIInterfaceOrientationPortrait UIInterfaceOrientationPortraitUpsideDown";
				IPHONEOS_DEPLOYMENT_TARGET = 15.0;
				MARKETING_VERSION = 0.1.0;
				PRODUCT_BUNDLE_IDENTIFIER = com.filmeacc.nicheshare;
				PRODUCT_NAME = "$(TARGET_NAME)";
				SUPPORTED_PLATFORMS = "iphoneos iphonesimulator";
				SUPPORTS_MACCATALYST = NO;
				SWIFT_EMIT_LOC_STRINGS = YES;
				SWIFT_VERSION = 5.0;
				TARGETED_DEVICE_FAMILY = "1,2";
			};
			name = Release;
		};
/* End XCBuildConfiguration section */

/* Begin XCConfigurationList section */
		B800000000000000000000001 /* Build configuration list for PBXProject "NicheShare" */ = {
			isa = XCConfigurationList;
			buildConfigurations = (
				C100000000000000000000001 /* Debug */,
				C100000000000000000000002 /* Release */,
			);
			defaultConfigurationIsVisible = 0;
			defaultConfigurationName = Release;
		};
		B800000000000000000000002 /* Build configuration list for PBXNativeTarget "NicheShare" */ = {
			isa = XCConfigurationList;
			buildConfigurations = (
				C200000000000000000000001 /* Debug */,
				C200000000000000000000002 /* Release */,
			);
			defaultConfigurationIsVisible = 0;
			defaultConfigurationName = Release;
		};
/* End XCConfigurationList section */
	};
	rootObject = B900000000000000000000001 /* Project object */;
}
